// !$*UTF8*$!
{
	archiveVersion = 1;
	classes = {
	};
	objectVersion = 46;
	objects = {

/* Begin PBXBuildFile section */
		B4C5EC331C8EA7AB00B8C323 /* main.m in Sources */ = {isa = PBXBuildFile; fileRef = B4C5EC321C8EA7AB00B8C323 /* main.m */; };
		B4C5EC361C8EA7AB00B8C323 /* AppDelegate.m in Sources */ = {isa = PBXBuildFile; fileRef = B4C5EC351C8EA7AB00B8C323 /* AppDelegate.m */; };
		B4C5EC391C8EA7AB00B8C323 /* ViewController.m in Sources */ = {isa = PBXBuildFile; fileRef = B4C5EC381C8EA7AB00B8C323 /* ViewController.m */; };
		B4C5EC3C1C8EA7AB00B8C323 /* Main.storyboard in Resources */ = {isa = PBXBuildFile; fileRef = B4C5EC3A1C8EA7AB00B8C323 /* Main.storyboard */; };
		B4C5EC3E1C8EA7AB00B8C323 /* Assets.xcassets in Resources */ = {isa = PBXBuildFile; fileRef = B4C5EC3D1C8EA7AB00B8C323 /* Assets.xcassets */; };
		B4C5EC411C8EA7AB00B8C323 /* LaunchScreen.storyboard in Resources */ = {isa = PBXBuildFile; fileRef = B4C5EC3F1C8EA7AB00B8C323 /* LaunchScreen.storyboard */; };
		B4C5EC4D1C8EA7FB00B8C323 /* AdSupport.framework in Frameworks */ = {isa = PBXBuildFile; fileRef = B4C5EC4C1C8EA7FB00B8C323 /* AdSupport.framework */; };
		B4C5EC4F1C8EA80000B8C323 /* SystemConfiguration.framework in Frameworks */ = {isa = PBXBuildFile; fileRef = B4C5EC4E1C8EA80000B8C323 /* SystemConfiguration.framework */; };
		B4FDD5601CAC2AA3009BFF97 /* libGuoHeadInterstitialSDK_iOS_v2.1.7.a in Frameworks */ = {isa = PBXBuildFile; fileRef = B4FDD55F1CAC2AA3009BFF97 /* libGuoHeadInterstitialSDK_iOS_v2.1.7.a */; settings = {ASSET_TAGS = (); }; };
		B4FDD5621CAC2BA9009BFF97 /* logo.jpg in Resources */ = {isa = PBXBuildFile; fileRef = B4FDD5611CAC2BA8009BFF97 /* logo.jpg */; settings = {ASSET_TAGS = (); }; };
/* End PBXBuildFile section */

/* Begin PBXFileReference section */
		B4C5EC2E1C8EA7AB00B8C323 /* GuoHeadInterstitialSDK-Sample.app */ = {isa = PBXFileReference; explicitFileType = wrapper.application; includeInIndex = 0; path = "GuoHeadInterstitialSDK-Sample.app"; sourceTree = BUILT_PRODUCTS_DIR; };
		B4C5EC321C8EA7AB00B8C323 /* main.m */ = {isa = PBXFileReference; lastKnownFileType = sourcecode.c.objc; path = main.m; sourceTree = "<group>"; };
		B4C5EC341C8EA7AB00B8C323 /* AppDelegate.h */ = {isa = PBXFileReference; lastKnownFileType = sourcecode.c.h; path = AppDelegate.h; sourceTree = "<group>"; };
		B4C5EC351C8EA7AB00B8C323 /* AppDelegate.m */ = {isa = PBXFileReference; lastKnownFileType = sourcecode.c.objc; path = AppDelegate.m; sourceTree = "<group>"; };
		B4C5EC371C8EA7AB00B8C323 /* ViewController.h */ = {isa = PBXFileReference; lastKnownFileType = sourcecode.c.h; path = ViewController.h; sourceTree = "<group>"; };
		B4C5EC381C8EA7AB00B8C323 /* ViewController.m */ = {isa = PBXFileReference; lastKnownFileType = sourcecode.c.objc; path = ViewController.m; sourceTree = "<group>"; };
		B4C5EC3B1C8EA7AB00B8C323 /* Base */ = {isa = PBXFileReference; lastKnownFileType = file.storyboard; name = Base; path = Base.lproj/Main.storyboard; sourceTree = "<group>"; };
		B4C5EC3D1C8EA7AB00B8C323 /* Assets.xcassets */ = {isa = PBXFileReference; lastKnownFileType = folder.assetcatalog; path = Assets.xcassets; sourceTree = "<group>"; };
		B4C5EC401C8EA7AB00B8C323 /* Base */ = {isa = PBXFileReference; lastKnownFileType = file.storyboard; name = Base; path = Base.lproj/LaunchScreen.storyboard; sourceTree = "<group>"; };
		B4C5EC421C8EA7AB00B8C323 /* Info.plist */ = {isa = PBXFileReference; lastKnownFileType = text.plist.xml; path = Info.plist; sourceTree = "<group>"; };
		B4C5EC4C1C8EA7FB00B8C323 /* AdSupport.framework */ = {isa = PBXFileReference; lastKnownFileType = wrapper.framework; name = AdSupport.framework; path = System/Library/Frameworks/AdSupport.framework; sourceTree = SDKROOT; };
		B4C5EC4E1C8EA80000B8C323 /* SystemConfiguration.framework */ = {isa = PBXFileReference; lastKnownFileType = wrapper.framework; name = SystemConfiguration.framework; path = System/Library/Frameworks/SystemConfiguration.framework; sourceTree = SDKROOT; };
		B4FDD5561CAC2115009BFF97 /* GuoHeadInterstitialSDK.h */ = {isa = PBXFileReference; fileEncoding = 4; lastKnownFileType = sourcecode.c.h; path = GuoHeadInterstitialSDK.h; sourceTree = "<group>"; };
		B4FDD55F1CAC2AA3009BFF97 /* libGuoHeadInterstitialSDK_iOS_v2.1.7.a */ = {isa = PBXFileReference; lastKnownFileType = archive.ar; path = libGuoHeadInterstitialSDK_iOS_v2.1.7.a; sourceTree = "<group>"; };
		B4FDD5611CAC2BA8009BFF97 /* logo.jpg */ = {isa = PBXFileReference; lastKnownFileType = image.jpeg; path = logo.jpg; sourceTree = "<group>"; };
/* End PBXFileReference section */

/* Begin PBXFrameworksBuildPhase section */
		B4C5EC2B1C8EA7AB00B8C323 /* Frameworks */ = {
			isa = PBXFrameworksBuildPhase;
			buildActionMask = 2147483647;
			files = (
				B4FDD5601CAC2AA3009BFF97 /* libGuoHeadInterstitialSDK_iOS_v2.1.7.a in Frameworks */,
				B4C5EC4F1C8EA80000B8C323 /* SystemConfiguration.framework in Frameworks */,
				B4C5EC4D1C8EA7FB00B8C323 /* AdSupport.framework in Frameworks */,
			);
			runOnlyForDeploymentPostprocessing = 0;
		};
/* End PBXFrameworksBuildPhase section */

/* Begin PBXGroup section */
		B4C5EC251C8EA7AB00B8C323 = {
			isa = PBXGroup;
			children = (
				B4FDD5611CAC2BA8009BFF97 /* logo.jpg */,
				B4FDD5551CAC2115009BFF97 /* GuoHeadInterstitialSDK-lib */,
				B4C5EC4E1C8EA80000B8C323 /* SystemConfiguration.framework */,
				B4C5EC4C1C8EA7FB00B8C323 /* AdSupport.framework */,
				B4C5EC301C8EA7AB00B8C323 /* GuoHeadInterstitialSDK-Sample */,
				B4C5EC2F1C8EA7AB00B8C323 /* Products */,
			);
			sourceTree = "<group>";
		};
		B4C5EC2F1C8EA7AB00B8C323 /* Products */ = {
			isa = PBXGroup;
			children = (
				B4C5EC2E1C8EA7AB00B8C323 /* GuoHeadInterstitialSDK-Sample.app */,
			);
			name = Products;
			sourceTree = "<group>";
		};
		B4C5EC301C8EA7AB00B8C323 /* GuoHeadInterstitialSDK-Sample */ = {
			isa = PBXGroup;
			children = (
				B4C5EC341C8EA7AB00B8C323 /* AppDelegate.h */,
				B4C5EC351C8EA7AB00B8C323 /* AppDelegate.m */,
				B4C5EC371C8EA7AB00B8C323 /* ViewController.h */,
				B4C5EC381C8EA7AB00B8C323 /* ViewController.m */,
				B4C5EC3A1C8EA7AB00B8C323 /* Main.storyboard */,
				B4C5EC3D1C8EA7AB00B8C323 /* Assets.xcassets */,
				B4C5EC3F1C8EA7AB00B8C323 /* LaunchScreen.storyboard */,
				B4C5EC421C8EA7AB00B8C323 /* Info.plist */,
				B4C5EC311C8EA7AB00B8C323 /* Supporting Files */,
			);
			path = "GuoHeadInterstitialSDK-Sample";
			sourceTree = "<group>";
		};
		B4C5EC311C8EA7AB00B8C323 /* Supporting Files */ = {
			isa = PBXGroup;
			children = (
				B4C5EC321C8EA7AB00B8C323 /* main.m */,
			);
			name = "Supporting Files";
			sourceTree = "<group>";
		};
		B4FDD5551CAC2115009BFF97 /* GuoHeadInterstitialSDK-lib */ = {
			isa = PBXGroup;
			children = (
				B4FDD55F1CAC2AA3009BFF97 /* libGuoHeadInterstitialSDK_iOS_v2.1.7.a */,
				B4FDD5561CAC2115009BFF97 /* GuoHeadInterstitialSDK.h */,
			);
			path = "GuoHeadInterstitialSDK-lib";
			sourceTree = "<group>";
		};
/* End PBXGroup section */

/* Begin PBXNativeTarget section */
		B4C5EC2D1C8EA7AB00B8C323 /* GuoHeadInterstitialSDK-Sample */ = {
			isa = PBXNativeTarget;
			buildConfigurationList = B4C5EC451C8EA7AB00B8C323 /* Build configuration list for PBXNativeTarget "GuoHeadInterstitialSDK-Sample" */;
			buildPhases = (
				B4C5EC2A1C8EA7AB00B8C323 /* Sources */,
				B4C5EC2B1C8EA7AB00B8C323 /* Frameworks */,
				B4C5EC2C1C8EA7AB00B8C323 /* Resources */,
			);
			buildRules = (
			);
			dependencies = (
			);
			name = "GuoHeadInterstitialSDK-Sample";
			productName = "GuoHeadInterstitialSDK-Sample";
			productReference = B4C5EC2E1C8EA7AB00B8C323 /* GuoHeadInterstitialSDK-Sample.app */;
			productType = "com.apple.product-type.application";
		};
/* End PBXNativeTarget section */

/* Begin PBXProject section */
		B4C5EC261C8EA7AB00B8C323 /* Project object */ = {
			isa = PBXProject;
			attributes = {
				LastUpgradeCheck = 0720;
				ORGANIZATIONNAME = keith.liu;
				TargetAttributes = {
					B4C5EC2D1C8EA7AB00B8C323 = {
						CreatedOnToolsVersion = 7.2.1;
						DevelopmentTeam = E3RU3A9EB2;
					};
				};
			};
			buildConfigurationList = B4C5EC291C8EA7AB00B8C323 /* Build configuration list for PBXProject "GuoHeadInterstitialSDK-Sample" */;
			compatibilityVersion = "Xcode 3.2";
			developmentRegion = English;
			hasScannedForEncodings = 0;
			knownRegions = (
				en,
				Base,
			);
			mainGroup = B4C5EC251C8EA7AB00B8C323;
			productRefGroup = B4C5EC2F1C8EA7AB00B8C323 /* Products */;
			projectDirPath = "";
			projectRoot = "";
			targets = (
				B4C5EC2D1C8EA7AB00B8C323 /* GuoHeadInterstitialSDK-Sample */,
			);
		};
/* End PBXProject section */

/* Begin PBXResourcesBuildPhase section */
		B4C5EC2C1C8EA7AB00B8C323 /* Resources */ = {
			isa = PBXResourcesBuildPhase;
			buildActionMask = 2147483647;
			files = (
				B4FDD5621CAC2BA9009BFF97 /* logo.jpg in Resources */,
				B4C5EC411C8EA7AB00B8C323 /* LaunchScreen.storyboard in Resources */,
				B4C5EC3E1C8EA7AB00B8C323 /* Assets.xcassets in Resources */,
				B4C5EC3C1C8EA7AB00B8C323 /* Main.storyboard in Resources */,
			);
			runOnlyForDeploymentPostprocessing = 0;
		};
/* End PBXResourcesBuildPhase section */

/* Begin PBXSourcesBuildPhase section */
		B4C5EC2A1C8EA7AB00B8C323 /* Sources */ = {
			isa = PBXSourcesBuildPhase;
			buildActionMask = 2147483647;
			files = (
				B4C5EC391C8EA7AB00B8C323 /* ViewController.m in Sources */,
				B4C5EC361C8EA7AB00B8C323 /* AppDelegate.m in Sources */,
				B4C5EC331C8EA7AB00B8C323 /* main.m in Sources */,
			);
			runOnlyForDeploymentPostprocessing = 0;
		};
/* End PBXSourcesBuildPhase section */

/* Begin PBXVariantGroup section */
		B4C5EC3A1C8EA7AB00B8C323 /* Main.storyboard */ = {
			isa = PBXVariantGroup;
			children = (
				B4C5EC3B1C8EA7AB00B8C323 /* Base */,
			);
			name = Main.storyboard;
			sourceTree = "<group>";
		};
		B4C5EC3F1C8EA7AB00B8C323 /* LaunchScreen.storyboard */ = {
			isa = PBXVariantGroup;
			children = (
				B4C5EC401C8EA7AB00B8C323 /* Base */,
			);
			name = LaunchScreen.storyboard;
			sourceTree = "<group>";
		};
/* End PBXVariantGroup section */

/* Begin XCBuildConfiguration section */
		B4C5EC431C8EA7AB00B8C323 /* Debug */ = {
			isa = XCBuildConfiguration;
			buildSettings = {
				ALWAYS_SEARCH_USER_PATHS = NO;
				CLANG_CXX_LANGUAGE_STANDARD = "gnu++0x";
				CLANG_CXX_LIBRARY = "libc++";
				CLANG_ENABLE_MODULES = YES;
				CLANG_ENABLE_OBJC_ARC = YES;
				CLANG_WARN_BOOL_CONVERSION = YES;
				CLANG_WARN_CONSTANT_CONVERSION = YES;
				CLANG_WARN_DIRECT_OBJC_ISA_USAGE = YES_ERROR;
				CLANG_WARN_EMPTY_BODY = YES;
				CLANG_WARN_ENUM_CONVERSION = YES;
				CLANG_WARN_INT_CONVERSION = YES;
				CLANG_WARN_OBJC_ROOT_CLASS = YES_ERROR;
				CLANG_WARN_UNREACHABLE_CODE = YES;
				CLANG_WARN__DUPLICATE_METHOD_MATCH = YES;
				"CODE_SIGN_IDENTITY[sdk=iphoneos*]" = "iPhone Developer";
				COPY_PHASE_STRIP = NO;
				DEBUG_INFORMATION_FORMAT = dwarf;
				ENABLE_STRICT_OBJC_MSGSEND = YES;
				ENABLE_TESTABILITY = YES;
				GCC_C_LANGUAGE_STANDARD = gnu99;
				GCC_DYNAMIC_NO_PIC = NO;
				GCC_NO_COMMON_BLOCKS = YES;
				GCC_OPTIMIZATION_LEVEL = 0;
				GCC_PREPROCESSOR_DEFINITIONS = (
					"DEBUG=1",
					"$(inherited)",
				);
				GCC_WARN_64_TO_32_BIT_CONVERSION = YES;
				GCC_WARN_ABOUT_RETURN_TYPE = YES_ERROR;
				GCC_WARN_UNDECLARED_SELECTOR = YES;
				GCC_WARN_UNINITIALIZED_AUTOS = YES_AGGRESSIVE;
				GCC_WARN_UNUSED_FUNCTION = YES;
				GCC_WARN_UNUSED_VARIABLE = YES;
				IPHONEOS_DEPLOYMENT_TARGET = 9.2;
				MTL_ENABLE_DEBUG_INFO = YES;
				ONLY_ACTIVE_ARCH = YES;
				SDKROOT = iphoneos;
				TARGETED_DEVICE_FAMILY = "1,2";
			};
			name = Debug;
		};
		B4C5EC441C8EA7AB00B8C323 /* Release */ = {
			isa = XCBuildConfiguration;
			buildSettings = {
				ALWAYS_SEARCH_USER_PATHS = NO;
				CLANG_CXX_LANGUAGE_STANDARD = "gnu++0x";
				CLANG_CXX_LIBRARY = "libc++";
				CLANG_ENABLE_MODULES = YES;
				CLANG_ENABLE_OBJC_ARC = YES;
				CLANG_WARN_BOOL_CONVERSION = YES;
				CLANG_WARN_CONSTANT_CONVERSION = YES;
				CLANG_WARN_DIRECT_OBJC_ISA_USAGE = YES_ERROR;
				CLANG_WARN_EMPTY_BODY = YES;
				CLANG_WARN_ENUM_CONVERSION = YES;
				CLANG_WARN_INT_CONVERSION = YES;
				CLANG_WARN_OBJC_ROOT_CLASS = YES_ERROR;
				CLANG_WARN_UNREACHABLE_CODE = YES;
				CLANG_WARN__DUPLICATE_METHOD_MATCH = YES;
				"CODE_SIGN_IDENTITY[sdk=iphoneos*]" = "iPhone Developer";
				COPY_PHASE_STRIP = NO;
				DEBUG_INFORMATION_FORMAT = "dwarf-with-dsym";
				ENABLE_NS_ASSERTIONS = NO;
				ENABLE_STRICT_OBJC_MSGSEND = YES;
				GCC_C_LANGUAGE_STANDARD = gnu99;
				GCC_NO_COMMON_BLOCKS = YES;
				GCC_WARN_64_TO_32_BIT_CONVERSION = YES;
				GCC_WARN_ABOUT_RETURN_TYPE = YES_ERROR;
				GCC_WARN_UNDECLARED_SELECTOR = YES;
				GCC_WARN_UNINITIALIZED_AUTOS = YES_AGGRESSIVE;
				GCC_WARN_UNUSED_FUNCTION = YES;
				GCC_WARN_UNUSED_VARIABLE = YES;
				IPHONEOS_DEPLOYMENT_TARGET = 9.2;
				MTL_ENABLE_DEBUG_INFO = NO;
				SDKROOT = iphoneos;
				TARGETED_DEVICE_FAMILY = "1,2";
				VALIDATE_PRODUCT = YES;
			};
			name = Release;
		};
		B4C5EC461C8EA7AB00B8C323 /* Debug */ = {
			isa = XCBuildConfiguration;
			buildSettings = {
				ASSETCATALOG_COMPILER_APPICON_NAME = AppIcon;
				CODE_SIGN_IDENTITY = "iPhone Developer";
				ENABLE_BITCODE = NO;
				INFOPLIST_FILE = "GuoHeadInterstitialSDK-Sample/Info.plist";
				IPHONEOS_DEPLOYMENT_TARGET = 7.0;
				LD_RUNPATH_SEARCH_PATHS = "$(inherited) @executable_path/Frameworks";
				LIBRARY_SEARCH_PATHS = (
					"$(inherited)",
					"$(PROJECT_DIR)/GuoHeadInterstitialSDK-Sample/GuoHeadInterstitialSDK-lib",
					"$(PROJECT_DIR)/GuoHeadInterstitialSDK-lib",
				);
				PRODUCT_BUNDLE_IDENTIFIER = "com.GuoHeadInterstitialSDK-Sample";
				PRODUCT_NAME = "$(TARGET_NAME)";
			};
			name = Debug;
		};
		B4C5EC471C8EA7AB00B8C323 /* Release */ = {
			isa = XCBuildConfiguration;
			buildSettings = {
				ASSETCATALOG_COMPILER_APPICON_NAME = AppIcon;
				CODE_SIGN_IDENTITY = "iPhone Developer";
				ENABLE_BITCODE = NO;
				INFOPLIST_FILE = "GuoHeadInterstitialSDK-Sample/Info.plist";
				IPHONEOS_DEPLOYMENT_TARGET = 7.0;
				LD_RUNPATH_SEARCH_PATHS = "$(inherited) @executable_path/Frameworks";
				LIBRARY_SEARCH_PATHS = (
					"$(inherited)",
					"$(PROJECT_DIR)/GuoHeadInterstitialSDK-Sample/GuoHeadInterstitialSDK-lib",
					"$(PROJECT_DIR)/GuoHeadInterstitialSDK-lib",
				);
				PRODUCT_BUNDLE_IDENTIFIER = "com.GuoHeadInterstitialSDK-Sample";
				PRODUCT_NAME = "$(TARGET_NAME)";
			};
			name = Release;
		};
/* End XCBuildConfiguration section */

/* Begin XCConfigurationList section */
		B4C5EC291C8EA7AB00B8C323 /* Build configuration list for PBXProject "GuoHeadInterstitialSDK-Sample" */ = {
			isa = XCConfigurationList;
			buildConfigurations = (
				B4C5EC431C8EA7AB00B8C323 /* Debug */,
				B4C5EC441C8EA7AB00B8C323 /* Release */,
			);
			defaultConfigurationIsVisible = 0;
			defaultConfigurationName = Release;
		};
		B4C5EC451C8EA7AB00B8C323 /* Build configuration list for PBXNativeTarget "GuoHeadInterstitialSDK-Sample" */ = {
			isa = XCConfigurationList;
			buildConfigurations = (
				B4C5EC461C8EA7AB00B8C323 /* Debug */,
				B4C5EC471C8EA7AB00B8C323 /* Release */,
			);
			defaultConfigurationIsVisible = 0;
			defaultConfigurationName = Release;
		};
/* End XCConfigurationList section */
	};
	rootObject = B4C5EC261C8EA7AB00B8C323 /* Project object */;
}
